
Microsoft Visual Studio Solution File, Format Version 12.00
# Visual Studio 2013
VisualStudioVersion = 12.0.20617.1 PREVIEW
MinimumVisualStudioVersion = 10.0.40219.1
Project("{FAE04EC0-301F-11D3-BF4B-00C04F79EFBC}") = "T4Sandbox", "T4Sandbox\T4Sandbox.csproj", "{39E1B256-5532-4AB1-A047-85D195655AF8}"
EndProject
Project("{FAE04EC0-301F-11D3-BF4B-00C04F79EFBC}") = "T4CustomHostWithUI", "T4CustomHostWithUI\T4CustomHostWithUI.csproj", "{DF1C72E2-029D-4B5B-9721-71CE2CF61A6A}"
EndProject
Project("{FAE04EC0-301F-11D3-BF4B-00C04F79EFBC}") = "T4CustomHostWpf", "T4CustomHostWpf\T4CustomHostWpf.csproj", "{C12A8B0D-92BC-40A8-A90C-04C46EBF7711}"
EndProject
Project("{FAE04EC0-301F-11D3-BF4B-00C04F79EFBC}") = "T4Business", "T4Business\T4Business.csproj", "{4D926E0E-628B-49BD-B784-1E5B5E1DA45B}"
EndProject
Project("{2150E333-8FDC-42A3-9474-1A3956D46DE8}") = "Solution Items", "Solution Items", "{01212E81-F79C-41CC-A3D5-431CB272D797}"
	ProjectSection(SolutionItems) = preProject
		Backlog.html = Backlog.html
	EndProjectSection
EndProject
Global
	GlobalSection(SolutionConfigurationPlatforms) = preSolution
		Debug|Any CPU = Debug|Any CPU
		Release|Any CPU = Release|Any CPU
	EndGlobalSection
	GlobalSection(ProjectConfigurationPlatforms) = postSolution
		{39E1B256-5532-4AB1-A047-85D195655AF8}.Debug|Any CPU.ActiveCfg = Debug|Any CPU
		{39E1B256-5532-4AB1-A047-85D195655AF8}.Debug|Any CPU.Build.0 = Debug|Any CPU
		{39E1B256-5532-4AB1-A047-85D195655AF8}.Release|Any CPU.ActiveCfg = Release|Any CPU
		{39E1B256-5532-4AB1-A047-85D195655AF8}.Release|Any CPU.Build.0 = Release|Any CPU
		{DF1C72E2-029D-4B5B-9721-71CE2CF61A6A}.Debug|Any CPU.ActiveCfg = Debug|Any CPU
		{DF1C72E2-029D-4B5B-9721-71CE2CF61A6A}.Debug|Any CPU.Build.0 = Debug|Any CPU
		{DF1C72E2-029D-4B5B-9721-71CE2CF61A6A}.Release|Any CPU.ActiveCfg = Release|Any CPU
		{DF1C72E2-029D-4B5B-9721-71CE2CF61A6A}.Release|Any CPU.Build.0 = Release|Any CPU
		{C12A8B0D-92BC-40A8-A90C-04C46EBF7711}.Debug|Any CPU.ActiveCfg = Debug|Any CPU
		{C12A8B0D-92BC-40A8-A90C-04C46EBF7711}.Debug|Any CPU.Build.0 = Debug|Any CPU
		{C12A8B0D-92BC-40A8-A90C-04C46EBF7711}.Release|Any CPU.ActiveCfg = Release|Any CPU
		{C12A8B0D-92BC-40A8-A90C-04C46EBF7711}.Release|Any CPU.Build.0 = Release|Any CPU
		{4D926E0E-628B-49BD-B784-1E5B5E1DA45B}.Debug|Any CPU.ActiveCfg = Debug|Any CPU
		{4D926E0E-628B-49BD-B784-1E5B5E1DA45B}.Debug|Any CPU.Build.0 = Debug|Any CPU
		{4D926E0E-628B-49BD-B784-1E5B5E1DA45B}.Release|Any CPU.ActiveCfg = Release|Any CPU
		{4D926E0E-628B-49BD-B784-1E5B5E1DA45B}.Release|Any CPU.Build.0 = Release|Any CPU
	EndGlobalSection
	GlobalSection(SolutionProperties) = preSolution
		HideSolutionNode = FALSE
	EndGlobalSection
EndGlobal
